
Microsoft Visual Studio Solution File, Format Version 12.00
# Visual Studio Version 16
VisualStudioVersion = 16.0.31410.357
MinimumVisualStudioVersion = 10.0.40219.1
Project("{00D1A9C2-B5F0-4AF3-8072-F6C62B433612}") = "00_BlackGarlic.DB", "BlackGarlic.DB\00_BlackGarlic.DB.sqlproj", "{BD691F24-73E5-4A56-A3EA-0394253D17B4}"
EndProject
Project("{FAE04EC0-301F-11D3-BF4B-00C04F79EFBC}") = "ConnectionTool", "ConnectionTool\ConnectionTool.csproj", "{9CBB94F0-F09B-45FE-AC36-6C80160AB692}"
EndProject
Project("{FAE04EC0-301F-11D3-BF4B-00C04F79EFBC}") = "BlackGarlic.DAL", "BlackGarlic.DAL\BlackGarlic.DAL.csproj", "{F7CABDEE-FBAC-42BC-907C-4C691FFE8181}"
EndProject
Project("{FAE04EC0-301F-11D3-BF4B-00C04F79EFBC}") = "BlackGarlic.DTO", "BlackGarlic.DTO\BlackGarlic.DTO.csproj", "{16AD10A3-B3A4-4962-B2A1-62FC9826A66B}"
EndProject
Project("{FAE04EC0-301F-11D3-BF4B-00C04F79EFBC}") = "BlackGarlic.API", "BlackGarlic.API\BlackGarlic.API.csproj", "{5C743E1C-D990-4EAB-9706-91BE17D599B5}"
EndProject
Global
	GlobalSection(SolutionConfigurationPlatforms) = preSolution
		Debug|Any CPU = Debug|Any CPU
		Release|Any CPU = Release|Any CPU
	EndGlobalSection
	GlobalSection(ProjectConfigurationPlatforms) = postSolution
		{BD691F24-73E5-4A56-A3EA-0394253D17B4}.Debug|Any CPU.ActiveCfg = Debug|Any CPU
		{BD691F24-73E5-4A56-A3EA-0394253D17B4}.Debug|Any CPU.Build.0 = Debug|Any CPU
		{BD691F24-73E5-4A56-A3EA-0394253D17B4}.Debug|Any CPU.Deploy.0 = Debug|Any CPU
		{BD691F24-73E5-4A56-A3EA-0394253D17B4}.Release|Any CPU.ActiveCfg = Release|Any CPU
		{BD691F24-73E5-4A56-A3EA-0394253D17B4}.Release|Any CPU.Build.0 = Release|Any CPU
		{BD691F24-73E5-4A56-A3EA-0394253D17B4}.Release|Any CPU.Deploy.0 = Release|Any CPU
		{9CBB94F0-F09B-45FE-AC36-6C80160AB692}.Debug|Any CPU.ActiveCfg = Debug|Any CPU
		{9CBB94F0-F09B-45FE-AC36-6C80160AB692}.Debug|Any CPU.Build.0 = Debug|Any CPU
		{9CBB94F0-F09B-45FE-AC36-6C80160AB692}.Release|Any CPU.ActiveCfg = Release|Any CPU
		{9CBB94F0-F09B-45FE-AC36-6C80160AB692}.Release|Any CPU.Build.0 = Release|Any CPU
		{F7CABDEE-FBAC-42BC-907C-4C691FFE8181}.Debug|Any CPU.ActiveCfg = Debug|Any CPU
		{F7CABDEE-FBAC-42BC-907C-4C691FFE8181}.Debug|Any CPU.Build.0 = Debug|Any CPU
		{F7CABDEE-FBAC-42BC-907C-4C691FFE8181}.Release|Any CPU.ActiveCfg = Release|Any CPU
		{F7CABDEE-FBAC-42BC-907C-4C691FFE8181}.Release|Any CPU.Build.0 = Release|Any CPU
		{16AD10A3-B3A4-4962-B2A1-62FC9826A66B}.Debug|Any CPU.ActiveCfg = Debug|Any CPU
		{16AD10A3-B3A4-4962-B2A1-62FC9826A66B}.Debug|Any CPU.Build.0 = Debug|Any CPU
		{16AD10A3-B3A4-4962-B2A1-62FC9826A66B}.Release|Any CPU.ActiveCfg = Release|Any CPU
		{16AD10A3-B3A4-4962-B2A1-62FC9826A66B}.Release|Any CPU.Build.0 = Release|Any CPU
		{5C743E1C-D990-4EAB-9706-91BE17D599B5}.Debug|Any CPU.ActiveCfg = Debug|Any CPU
		{5C743E1C-D990-4EAB-9706-91BE17D599B5}.Debug|Any CPU.Build.0 = Debug|Any CPU
		{5C743E1C-D990-4EAB-9706-91BE17D599B5}.Release|Any CPU.ActiveCfg = Release|Any CPU
		{5C743E1C-D990-4EAB-9706-91BE17D599B5}.Release|Any CPU.Build.0 = Release|Any CPU
	EndGlobalSection
	GlobalSection(SolutionProperties) = preSolution
		HideSolutionNode = FALSE
	EndGlobalSection
	GlobalSection(ExtensibilityGlobals) = postSolution
		SolutionGuid = {A0A7BE92-F14C-4630-92C1-61B52663627E}
	EndGlobalSection
EndGlobal
